
Microsoft Visual Studio Solution File, Format Version 12.00
# Visual Studio Version 16
VisualStudioVersion = 16.0.32929.386
MinimumVisualStudioVersion = 10.0.40219.1
Project("{FAE04EC0-301F-11D3-BF4B-00C04F79EFBC}") = "6", "6\6.csproj", "{E1C3A657-D495-4C8A-BEA8-47E5682580FF}"
EndProject
Global
	GlobalSection(SolutionConfigurationPlatforms) = preSolution
		Debug|Any CPU = Debug|Any CPU
		Release|Any CPU = Release|Any CPU
	EndGlobalSection
	GlobalSection(ProjectConfigurationPlatforms) = postSolution
		{E1C3A657-D495-4C8A-BEA8-47E5682580FF}.Debug|Any CPU.ActiveCfg = Debug|Any CPU
		{E1C3A657-D495-4C8A-BEA8-47E5682580FF}.Debug|Any CPU.Build.0 = Debug|Any CPU
		{E1C3A657-D495-4C8A-BEA8-47E5682580FF}.Release|Any CPU.ActiveCfg = Release|Any CPU
		{E1C3A657-D495-4C8A-BEA8-47E5682580FF}.Release|Any CPU.Build.0 = Release|Any CPU
	EndGlobalSection
	GlobalSection(SolutionProperties) = preSolution
		HideSolutionNode = FALSE
	EndGlobalSection
	GlobalSection(ExtensibilityGlobals) = postSolution
		SolutionGuid = {C68C3443-D214-458A-9AC0-7728A18EAFF9}
	EndGlobalSection
EndGlobal
