
Microsoft Visual Studio Solution File, Format Version 12.00
# Visual Studio Version 16
VisualStudioVersion = 16.0.32929.386
MinimumVisualStudioVersion = 10.0.40219.1
Project("{FAE04EC0-301F-11D3-BF4B-00C04F79EFBC}") = "7", "7\7.csproj", "{BF684EA7-1F2E-4A07-8986-0A7D71BDC7B8}"
EndProject
Global
	GlobalSection(SolutionConfigurationPlatforms) = preSolution
		Debug|Any CPU = Debug|Any CPU
		Release|Any CPU = Release|Any CPU
	EndGlobalSection
	GlobalSection(ProjectConfigurationPlatforms) = postSolution
		{BF684EA7-1F2E-4A07-8986-0A7D71BDC7B8}.Debug|Any CPU.ActiveCfg = Debug|Any CPU
		{BF684EA7-1F2E-4A07-8986-0A7D71BDC7B8}.Debug|Any CPU.Build.0 = Debug|Any CPU
		{BF684EA7-1F2E-4A07-8986-0A7D71BDC7B8}.Release|Any CPU.ActiveCfg = Release|Any CPU
		{BF684EA7-1F2E-4A07-8986-0A7D71BDC7B8}.Release|Any CPU.Build.0 = Release|Any CPU
	EndGlobalSection
	GlobalSection(SolutionProperties) = preSolution
		HideSolutionNode = FALSE
	EndGlobalSection
	GlobalSection(ExtensibilityGlobals) = postSolution
		SolutionGuid = {A9425FB2-3704-4B4E-BC3F-54A791BCFDC4}
	EndGlobalSection
EndGlobal
